
Microsoft Visual Studio Solution File, Format Version 12.00
# Visual Studio 15
VisualStudioVersion = 15.0.26124.0
MinimumVisualStudioVersion = 15.0.26124.0
Project("{2150E333-8FDC-42A3-9474-1A3956D46DE8}") = "src", "src", "{0C441AFB-4B20-43DA-A06C-C4F262843B20}"
EndProject
Project("{FAE04EC0-301F-11D3-BF4B-00C04F79EFBC}") = "sURL", "src\sURL\sURL.csproj", "{B36A175D-76BF-4E6D-B828-2869589F29AA}"
EndProject
Project("{2150E333-8FDC-42A3-9474-1A3956D46DE8}") = "test", "test", "{B73C7B5E-5149-4C7A-8AB4-7EEDAA06BC8A}"
EndProject
Project("{FAE04EC0-301F-11D3-BF4B-00C04F79EFBC}") = "sURL.Tests", "test\sURL.Tests\sURL.Tests.csproj", "{AF4C3966-60D5-4C68-8ACD-D2FB712D0601}"
EndProject
Global
	GlobalSection(SolutionConfigurationPlatforms) = preSolution
		Debug|Any CPU = Debug|Any CPU
		Debug|x64 = Debug|x64
		Debug|x86 = Debug|x86
		Release|Any CPU = Release|Any CPU
		Release|x64 = Release|x64
		Release|x86 = Release|x86
	EndGlobalSection
	GlobalSection(SolutionProperties) = preSolution
		HideSolutionNode = FALSE
	EndGlobalSection
	GlobalSection(ProjectConfigurationPlatforms) = postSolution
		{B36A175D-76BF-4E6D-B828-2869589F29AA}.Debug|Any CPU.ActiveCfg = Debug|Any CPU
		{B36A175D-76BF-4E6D-B828-2869589F29AA}.Debug|Any CPU.Build.0 = Debug|Any CPU
		{B36A175D-76BF-4E6D-B828-2869589F29AA}.Debug|x64.ActiveCfg = Debug|Any CPU
		{B36A175D-76BF-4E6D-B828-2869589F29AA}.Debug|x64.Build.0 = Debug|Any CPU
		{B36A175D-76BF-4E6D-B828-2869589F29AA}.Debug|x86.ActiveCfg = Debug|Any CPU
		{B36A175D-76BF-4E6D-B828-2869589F29AA}.Debug|x86.Build.0 = Debug|Any CPU
		{B36A175D-76BF-4E6D-B828-2869589F29AA}.Release|Any CPU.ActiveCfg = Release|Any CPU
		{B36A175D-76BF-4E6D-B828-2869589F29AA}.Release|Any CPU.Build.0 = Release|Any CPU
		{B36A175D-76BF-4E6D-B828-2869589F29AA}.Release|x64.ActiveCfg = Release|Any CPU
		{B36A175D-76BF-4E6D-B828-2869589F29AA}.Release|x64.Build.0 = Release|Any CPU
		{B36A175D-76BF-4E6D-B828-2869589F29AA}.Release|x86.ActiveCfg = Release|Any CPU
		{B36A175D-76BF-4E6D-B828-2869589F29AA}.Release|x86.Build.0 = Release|Any CPU
		{AF4C3966-60D5-4C68-8ACD-D2FB712D0601}.Debug|Any CPU.ActiveCfg = Debug|Any CPU
		{AF4C3966-60D5-4C68-8ACD-D2FB712D0601}.Debug|Any CPU.Build.0 = Debug|Any CPU
		{AF4C3966-60D5-4C68-8ACD-D2FB712D0601}.Debug|x64.ActiveCfg = Debug|Any CPU
		{AF4C3966-60D5-4C68-8ACD-D2FB712D0601}.Debug|x64.Build.0 = Debug|Any CPU
		{AF4C3966-60D5-4C68-8ACD-D2FB712D0601}.Debug|x86.ActiveCfg = Debug|Any CPU
		{AF4C3966-60D5-4C68-8ACD-D2FB712D0601}.Debug|x86.Build.0 = Debug|Any CPU
		{AF4C3966-60D5-4C68-8ACD-D2FB712D0601}.Release|Any CPU.ActiveCfg = Release|Any CPU
		{AF4C3966-60D5-4C68-8ACD-D2FB712D0601}.Release|Any CPU.Build.0 = Release|Any CPU
		{AF4C3966-60D5-4C68-8ACD-D2FB712D0601}.Release|x64.ActiveCfg = Release|Any CPU
		{AF4C3966-60D5-4C68-8ACD-D2FB712D0601}.Release|x64.Build.0 = Release|Any CPU
		{AF4C3966-60D5-4C68-8ACD-D2FB712D0601}.Release|x86.ActiveCfg = Release|Any CPU
		{AF4C3966-60D5-4C68-8ACD-D2FB712D0601}.Release|x86.Build.0 = Release|Any CPU
	EndGlobalSection
	GlobalSection(NestedProjects) = preSolution
		{B36A175D-76BF-4E6D-B828-2869589F29AA} = {0C441AFB-4B20-43DA-A06C-C4F262843B20}
		{AF4C3966-60D5-4C68-8ACD-D2FB712D0601} = {B73C7B5E-5149-4C7A-8AB4-7EEDAA06BC8A}
	EndGlobalSection
EndGlobal
